
Microsoft Visual Studio Solution File, Format Version 12.00
# Visual Studio Version 17
VisualStudioVersion = 17.0.31903.59
MinimumVisualStudioVersion = 10.0.40219.1
Project("{FAE04EC0-301F-11D3-BF4B-00C04F79EFBC}") = "ScreenShare.App", "ScreenShare.App\ScreenShare.App.csproj", "{37BF0774-8978-4ABB-AEE5-913F5C9932ED}"
EndProject
Project("{FAE04EC0-301F-11D3-BF4B-00C04F79EFBC}") = "ScreenShare.App.Tests", "ScreenShare.App.Tests\ScreenShare.App.Tests.csproj", "{6595F0A3-BA21-4A93-A874-90CA631115C9}"
EndProject
Global
	GlobalSection(SolutionConfigurationPlatforms) = preSolution
		Debug|Any CPU = Debug|Any CPU
		Debug|x64 = Debug|x64
		Debug|x86 = Debug|x86
		Release|Any CPU = Release|Any CPU
		Release|x64 = Release|x64
		Release|x86 = Release|x86
	EndGlobalSection
	GlobalSection(ProjectConfigurationPlatforms) = postSolution
		{37BF0774-8978-4ABB-AEE5-913F5C9932ED}.Debug|Any CPU.ActiveCfg = Debug|Any CPU
		{37BF0774-8978-4ABB-AEE5-913F5C9932ED}.Debug|Any CPU.Build.0 = Debug|Any CPU
		{37BF0774-8978-4ABB-AEE5-913F5C9932ED}.Debug|x64.ActiveCfg = Debug|Any CPU
		{37BF0774-8978-4ABB-AEE5-913F5C9932ED}.Debug|x64.Build.0 = Debug|Any CPU
		{37BF0774-8978-4ABB-AEE5-913F5C9932ED}.Debug|x86.ActiveCfg = Debug|Any CPU
		{37BF0774-8978-4ABB-AEE5-913F5C9932ED}.Debug|x86.Build.0 = Debug|Any CPU
		{37BF0774-8978-4ABB-AEE5-913F5C9932ED}.Release|Any CPU.ActiveCfg = Release|Any CPU
		{37BF0774-8978-4ABB-AEE5-913F5C9932ED}.Release|Any CPU.Build.0 = Release|Any CPU
		{37BF0774-8978-4ABB-AEE5-913F5C9932ED}.Release|x64.ActiveCfg = Release|Any CPU
		{37BF0774-8978-4ABB-AEE5-913F5C9932ED}.Release|x64.Build.0 = Release|Any CPU
		{37BF0774-8978-4ABB-AEE5-913F5C9932ED}.Release|x86.ActiveCfg = Release|Any CPU
		{37BF0774-8978-4ABB-AEE5-913F5C9932ED}.Release|x86.Build.0 = Release|Any CPU
		{6595F0A3-BA21-4A93-A874-90CA631115C9}.Debug|Any CPU.ActiveCfg = Debug|Any CPU
		{6595F0A3-BA21-4A93-A874-90CA631115C9}.Debug|Any CPU.Build.0 = Debug|Any CPU
		{6595F0A3-BA21-4A93-A874-90CA631115C9}.Debug|x64.ActiveCfg = Debug|Any CPU
		{6595F0A3-BA21-4A93-A874-90CA631115C9}.Debug|x64.Build.0 = Debug|Any CPU
		{6595F0A3-BA21-4A93-A874-90CA631115C9}.Debug|x86.ActiveCfg = Debug|Any CPU
		{6595F0A3-BA21-4A93-A874-90CA631115C9}.Debug|x86.Build.0 = Debug|Any CPU
		{6595F0A3-BA21-4A93-A874-90CA631115C9}.Release|Any CPU.ActiveCfg = Release|Any CPU
		{6595F0A3-BA21-4A93-A874-90CA631115C9}.Release|Any CPU.Build.0 = Release|Any CPU
		{6595F0A3-BA21-4A93-A874-90CA631115C9}.Release|x64.ActiveCfg = Release|Any CPU
		{6595F0A3-BA21-4A93-A874-90CA631115C9}.Release|x64.Build.0 = Release|Any CPU
		{6595F0A3-BA21-4A93-A874-90CA631115C9}.Release|x86.ActiveCfg = Release|Any CPU
		{6595F0A3-BA21-4A93-A874-90CA631115C9}.Release|x86.Build.0 = Release|Any CPU
	EndGlobalSection
	GlobalSection(SolutionProperties) = preSolution
		HideSolutionNode = FALSE
	EndGlobalSection
EndGlobal
